// !$*UTF8*$!
{
	archiveVersion = 1;
	classes = {
	};
	objectVersion = 46;
	objects = {

/* Begin PBXBuildFile section */
		A211193993F97DAF16DEB04A /* Pods_SmartFeed.framework in Frameworks */ = {isa = PBXBuildFile; fileRef = 83C280389EBC5FE9FEAC85A6 /* Pods_SmartFeed.framework */; };
		CB34D7CA1CA536CF00162CC6 /* SFNetworkManager.swift in Sources */ = {isa = PBXBuildFile; fileRef = CB34D7C91CA536CF00162CC6 /* SFNetworkManager.swift */; };
		CB3C090B1CA9D16900B6AE65 /* DZReadability.m in Sources */ = {isa = PBXBuildFile; fileRef = CB3C08DF1CA9D16900B6AE65 /* DZReadability.m */; };
		CB3C090C1CA9D16900B6AE65 /* GGReadabilityParser.m in Sources */ = {isa = PBXBuildFile; fileRef = CB3C08E21CA9D16900B6AE65 /* GGReadabilityParser.m */; };
		CB3C090D1CA9D16900B6AE65 /* HTMLComment.m in Sources */ = {isa = PBXBuildFile; fileRef = CB3C08E51CA9D16900B6AE65 /* HTMLComment.m */; };
		CB3C090E1CA9D16900B6AE65 /* HTMLDocument.m in Sources */ = {isa = PBXBuildFile; fileRef = CB3C08E71CA9D16900B6AE65 /* HTMLDocument.m */; };
		CB3C090F1CA9D16900B6AE65 /* HTMLDocumentType.m in Sources */ = {isa = PBXBuildFile; fileRef = CB3C08E91CA9D16900B6AE65 /* HTMLDocumentType.m */; };
		CB3C09101CA9D16900B6AE65 /* HTMLElement.m in Sources */ = {isa = PBXBuildFile; fileRef = CB3C08EB1CA9D16900B6AE65 /* HTMLElement.m */; };
		CB3C09111CA9D16900B6AE65 /* HTMLEncoding.m in Sources */ = {isa = PBXBuildFile; fileRef = CB3C08ED1CA9D16900B6AE65 /* HTMLEncoding.m */; };
		CB3C09121CA9D16900B6AE65 /* HTMLEntities.m in Sources */ = {isa = PBXBuildFile; fileRef = CB3C08EF1CA9D16900B6AE65 /* HTMLEntities.m */; };
		CB3C09131CA9D16900B6AE65 /* HTMLNode.m in Sources */ = {isa = PBXBuildFile; fileRef = CB3C08F21CA9D16900B6AE65 /* HTMLNode.m */; };
		CB3C09141CA9D16900B6AE65 /* HTMLOrderedDictionary.m in Sources */ = {isa = PBXBuildFile; fileRef = CB3C08F41CA9D16900B6AE65 /* HTMLOrderedDictionary.m */; };
		CB3C09151CA9D16900B6AE65 /* HTMLParser.m in Sources */ = {isa = PBXBuildFile; fileRef = CB3C08F61CA9D16900B6AE65 /* HTMLParser.m */; };
		CB3C09161CA9D16900B6AE65 /* HTMLPreprocessedInputStream.m in Sources */ = {isa = PBXBuildFile; fileRef = CB3C08F81CA9D16900B6AE65 /* HTMLPreprocessedInputStream.m */; };
		CB3C09171CA9D16900B6AE65 /* HTMLSelector.m in Sources */ = {isa = PBXBuildFile; fileRef = CB3C08FC1CA9D16900B6AE65 /* HTMLSelector.m */; };
		CB3C09181CA9D16900B6AE65 /* HTMLSerialization.m in Sources */ = {isa = PBXBuildFile; fileRef = CB3C08FE1CA9D16900B6AE65 /* HTMLSerialization.m */; };
		CB3C09191CA9D16900B6AE65 /* HTMLString.m in Sources */ = {isa = PBXBuildFile; fileRef = CB3C09001CA9D16900B6AE65 /* HTMLString.m */; };
		CB3C091A1CA9D16900B6AE65 /* HTMLTextNode.m in Sources */ = {isa = PBXBuildFile; fileRef = CB3C09031CA9D16900B6AE65 /* HTMLTextNode.m */; };
		CB3C091B1CA9D16900B6AE65 /* HTMLTokenizer.m in Sources */ = {isa = PBXBuildFile; fileRef = CB3C09051CA9D16900B6AE65 /* HTMLTokenizer.m */; };
		CB3C091C1CA9D16900B6AE65 /* HTMLTreeEnumerator.m in Sources */ = {isa = PBXBuildFile; fileRef = CB3C09081CA9D16900B6AE65 /* HTMLTreeEnumerator.m */; };
		CB3C091D1CA9D16900B6AE65 /* NSString+HTMLEntities.m in Sources */ = {isa = PBXBuildFile; fileRef = CB3C090A1CA9D16900B6AE65 /* NSString+HTMLEntities.m */; };
		CB8B426A1CA4335200DEAAC7 /* AppDelegate.swift in Sources */ = {isa = PBXBuildFile; fileRef = CB8B42691CA4335200DEAAC7 /* AppDelegate.swift */; };
		CB8B42711CA4335200DEAAC7 /* Main.storyboard in Resources */ = {isa = PBXBuildFile; fileRef = CB8B426F1CA4335200DEAAC7 /* Main.storyboard */; };
		CB8B42731CA4335200DEAAC7 /* Assets.xcassets in Resources */ = {isa = PBXBuildFile; fileRef = CB8B42721CA4335200DEAAC7 /* Assets.xcassets */; };
		CB8B42761CA4335200DEAAC7 /* LaunchScreen.storyboard in Resources */ = {isa = PBXBuildFile; fileRef = CB8B42741CA4335200DEAAC7 /* LaunchScreen.storyboard */; };
		CB8B42811CA4335200DEAAC7 /* SmartFeedTests.swift in Sources */ = {isa = PBXBuildFile; fileRef = CB8B42801CA4335200DEAAC7 /* SmartFeedTests.swift */; };
		CB8B428C1CA4335200DEAAC7 /* SmartFeedUITests.swift in Sources */ = {isa = PBXBuildFile; fileRef = CB8B428B1CA4335200DEAAC7 /* SmartFeedUITests.swift */; };
		CBAB29C61CA47D450079F566 /* SFFeedDetailListController.swift in Sources */ = {isa = PBXBuildFile; fileRef = CBAB29C51CA47D450079F566 /* SFFeedDetailListController.swift */; };
		CBDE98D41CA44EE8001B89F6 /* SFFeedListController.swift in Sources */ = {isa = PBXBuildFile; fileRef = CBDE98D11CA44EE8001B89F6 /* SFFeedListController.swift */; };
		CBDE98D51CA44EE8001B89F6 /* SFArticleDetailController.swift in Sources */ = {isa = PBXBuildFile; fileRef = CBDE98D31CA44EE8001B89F6 /* SFArticleDetailController.swift */; };
		CBDE98DB1CA465C5001B89F6 /* SFArticle.swift in Sources */ = {isa = PBXBuildFile; fileRef = CBDE98DA1CA465C5001B89F6 /* SFArticle.swift */; };
		CBDE98DD1CA465F0001B89F6 /* SFModelManager.swift in Sources */ = {isa = PBXBuildFile; fileRef = CBDE98DC1CA465F0001B89F6 /* SFModelManager.swift */; };
		CBDE98DF1CA467C5001B89F6 /* SFFeed.swift in Sources */ = {isa = PBXBuildFile; fileRef = CBDE98DE1CA467C5001B89F6 /* SFFeed.swift */; };
/* End PBXBuildFile section */

/* Begin PBXContainerItemProxy section */
		CB8B427D1CA4335200DEAAC7 /* PBXContainerItemProxy */ = {
			isa = PBXContainerItemProxy;
			containerPortal = CB8B425E1CA4335200DEAAC7 /* Project object */;
			proxyType = 1;
			remoteGlobalIDString = CB8B42651CA4335200DEAAC7;
			remoteInfo = SmartFeed;
		};
		CB8B42881CA4335200DEAAC7 /* PBXContainerItemProxy */ = {
			isa = PBXContainerItemProxy;
			containerPortal = CB8B425E1CA4335200DEAAC7 /* Project object */;
			proxyType = 1;
			remoteGlobalIDString = CB8B42651CA4335200DEAAC7;
			remoteInfo = SmartFeed;
		};
/* End PBXContainerItemProxy section */

/* Begin PBXFileReference section */
		30BD5343AA25C50BF723FD43 /* Pods-SmartFeed.debug.xcconfig */ = {isa = PBXFileReference; includeInIndex = 1; lastKnownFileType = text.xcconfig; name = "Pods-SmartFeed.debug.xcconfig"; path = "Pods/Target Support Files/Pods-SmartFeed/Pods-SmartFeed.debug.xcconfig"; sourceTree = "<group>"; };
		83C280389EBC5FE9FEAC85A6 /* Pods_SmartFeed.framework */ = {isa = PBXFileReference; explicitFileType = wrapper.framework; includeInIndex = 0; path = Pods_SmartFeed.framework; sourceTree = BUILT_PRODUCTS_DIR; };
		CB34D7C91CA536CF00162CC6 /* SFNetworkManager.swift */ = {isa = PBXFileReference; fileEncoding = 4; lastKnownFileType = sourcecode.swift; path = SFNetworkManager.swift; sourceTree = "<group>"; };
		CB3C08D81CA9D15800B6AE65 /* SmartFeed-Bridging-Header.h */ = {isa = PBXFileReference; lastKnownFileType = sourcecode.c.h; path = "SmartFeed-Bridging-Header.h"; sourceTree = "<group>"; };
		CB3C08DE1CA9D16900B6AE65 /* DZReadability.h */ = {isa = PBXFileReference; fileEncoding = 4; lastKnownFileType = sourcecode.c.h; path = DZReadability.h; sourceTree = "<group>"; };
		CB3C08DF1CA9D16900B6AE65 /* DZReadability.m */ = {isa = PBXFileReference; fileEncoding = 4; lastKnownFileType = sourcecode.c.objc; path = DZReadability.m; sourceTree = "<group>"; };
		CB3C08E01CA9D16900B6AE65 /* DZReadability_constants.h */ = {isa = PBXFileReference; fileEncoding = 4; lastKnownFileType = sourcecode.c.h; path = DZReadability_constants.h; sourceTree = "<group>"; };
		CB3C08E11CA9D16900B6AE65 /* GGReadabilityParser.h */ = {isa = PBXFileReference; fileEncoding = 4; lastKnownFileType = sourcecode.c.h; path = GGReadabilityParser.h; sourceTree = "<group>"; };
		CB3C08E21CA9D16900B6AE65 /* GGReadabilityParser.m */ = {isa = PBXFileReference; fileEncoding = 4; lastKnownFileType = sourcecode.c.objc; path = GGReadabilityParser.m; sourceTree = "<group>"; };
		CB3C08E41CA9D16900B6AE65 /* HTMLComment.h */ = {isa = PBXFileReference; fileEncoding = 4; lastKnownFileType = sourcecode.c.h; path = HTMLComment.h; sourceTree = "<group>"; };
		CB3C08E51CA9D16900B6AE65 /* HTMLComment.m */ = {isa = PBXFileReference; fileEncoding = 4; lastKnownFileType = sourcecode.c.objc; path = HTMLComment.m; sourceTree = "<group>"; };
		CB3C08E61CA9D16900B6AE65 /* HTMLDocument.h */ = {isa = PBXFileReference; fileEncoding = 4; lastKnownFileType = sourcecode.c.h; path = HTMLDocument.h; sourceTree = "<group>"; };
		CB3C08E71CA9D16900B6AE65 /* HTMLDocument.m */ = {isa = PBXFileReference; fileEncoding = 4; lastKnownFileType = sourcecode.c.objc; path = HTMLDocument.m; sourceTree = "<group>"; };
		CB3C08E81CA9D16900B6AE65 /* HTMLDocumentType.h */ = {isa = PBXFileReference; fileEncoding = 4; lastKnownFileType = sourcecode.c.h; path = HTMLDocumentType.h; sourceTree = "<group>"; };
		CB3C08E91CA9D16900B6AE65 /* HTMLDocumentType.m */ = {isa = PBXFileReference; fileEncoding = 4; lastKnownFileType = sourcecode.c.objc; path = HTMLDocumentType.m; sourceTree = "<group>"; };
		CB3C08EA1CA9D16900B6AE65 /* HTMLElement.h */ = {isa = PBXFileReference; fileEncoding = 4; lastKnownFileType = sourcecode.c.h; path = HTMLElement.h; sourceTree = "<group>"; };
		CB3C08EB1CA9D16900B6AE65 /* HTMLElement.m */ = {isa = PBXFileReference; fileEncoding = 4; lastKnownFileType = sourcecode.c.objc; path = HTMLElement.m; sourceTree = "<group>"; };
		CB3C08EC1CA9D16900B6AE65 /* HTMLEncoding.h */ = {isa = PBXFileReference; fileEncoding = 4; lastKnownFileType = sourcecode.c.h; path = HTMLEncoding.h; sourceTree = "<group>"; };
		CB3C08ED1CA9D16900B6AE65 /* HTMLEncoding.m */ = {isa = PBXFileReference; fileEncoding = 4; lastKnownFileType = sourcecode.c.objc; path = HTMLEncoding.m; sourceTree = "<group>"; };
		CB3C08EE1CA9D16900B6AE65 /* HTMLEntities.h */ = {isa = PBXFileReference; fileEncoding = 4; lastKnownFileType = sourcecode.c.h; path = HTMLEntities.h; sourceTree = "<group>"; };
		CB3C08EF1CA9D16900B6AE65 /* HTMLEntities.m */ = {isa = PBXFileReference; fileEncoding = 4; lastKnownFileType = sourcecode.c.objc; path = HTMLEntities.m; sourceTree = "<group>"; };
		CB3C08F01CA9D16900B6AE65 /* HTMLNamespace.h */ = {isa = PBXFileReference; fileEncoding = 4; lastKnownFileType = sourcecode.c.h; path = HTMLNamespace.h; sourceTree = "<group>"; };
		CB3C08F11CA9D16900B6AE65 /* HTMLNode.h */ = {isa = PBXFileReference; fileEncoding = 4; lastKnownFileType = sourcecode.c.h; path = HTMLNode.h; sourceTree = "<group>"; };
		CB3C08F21CA9D16900B6AE65 /* HTMLNode.m */ = {isa = PBXFileReference; fileEncoding = 4; lastKnownFileType = sourcecode.c.objc; path = HTMLNode.m; sourceTree = "<group>"; };
		CB3C08F31CA9D16900B6AE65 /* HTMLOrderedDictionary.h */ = {isa = PBXFileReference; fileEncoding = 4; lastKnownFileType = sourcecode.c.h; path = HTMLOrderedDictionary.h; sourceTree = "<group>"; };
		CB3C08F41CA9D16900B6AE65 /* HTMLOrderedDictionary.m */ = {isa = PBXFileReference; fileEncoding = 4; lastKnownFileType = sourcecode.c.objc; path = HTMLOrderedDictionary.m; sourceTree = "<group>"; };
		CB3C08F51CA9D16900B6AE65 /* HTMLParser.h */ = {isa = PBXFileReference; fileEncoding = 4; lastKnownFileType = sourcecode.c.h; path = HTMLParser.h; sourceTree = "<group>"; };
		CB3C08F61CA9D16900B6AE65 /* HTMLParser.m */ = {isa = PBXFileReference; fileEncoding = 4; lastKnownFileType = sourcecode.c.objc; path = HTMLParser.m; sourceTree = "<group>"; };
		CB3C08F71CA9D16900B6AE65 /* HTMLPreprocessedInputStream.h */ = {isa = PBXFileReference; fileEncoding = 4; lastKnownFileType = sourcecode.c.h; path = HTMLPreprocessedInputStream.h; sourceTree = "<group>"; };
		CB3C08F81CA9D16900B6AE65 /* HTMLPreprocessedInputStream.m */ = {isa = PBXFileReference; fileEncoding = 4; lastKnownFileType = sourcecode.c.objc; path = HTMLPreprocessedInputStream.m; sourceTree = "<group>"; };
		CB3C08F91CA9D16900B6AE65 /* HTMLQuirksMode.h */ = {isa = PBXFileReference; fileEncoding = 4; lastKnownFileType = sourcecode.c.h; path = HTMLQuirksMode.h; sourceTree = "<group>"; };
		CB3C08FA1CA9D16900B6AE65 /* HTMLReader.h */ = {isa = PBXFileReference; fileEncoding = 4; lastKnownFileType = sourcecode.c.h; path = HTMLReader.h; sourceTree = "<group>"; };
		CB3C08FB1CA9D16900B6AE65 /* HTMLSelector.h */ = {isa = PBXFileReference; fileEncoding = 4; lastKnownFileType = sourcecode.c.h; path = HTMLSelector.h; sourceTree = "<group>"; };
		CB3C08FC1CA9D16900B6AE65 /* HTMLSelector.m */ = {isa = PBXFileReference; fileEncoding = 4; lastKnownFileType = sourcecode.c.objc; path = HTMLSelector.m; sourceTree = "<group>"; };
		CB3C08FD1CA9D16900B6AE65 /* HTMLSerialization.h */ = {isa = PBXFileReference; fileEncoding = 4; lastKnownFileType = sourcecode.c.h; path = HTMLSerialization.h; sourceTree = "<group>"; };
		CB3C08FE1CA9D16900B6AE65 /* HTMLSerialization.m */ = {isa = PBXFileReference; fileEncoding = 4; lastKnownFileType = sourcecode.c.objc; path = HTMLSerialization.m; sourceTree = "<group>"; };
		CB3C08FF1CA9D16900B6AE65 /* HTMLString.h */ = {isa = PBXFileReference; fileEncoding = 4; lastKnownFileType = sourcecode.c.h; path = HTMLString.h; sourceTree = "<group>"; };
		CB3C09001CA9D16900B6AE65 /* HTMLString.m */ = {isa = PBXFileReference; fileEncoding = 4; lastKnownFileType = sourcecode.c.objc; path = HTMLString.m; sourceTree = "<group>"; };
		CB3C09011CA9D16900B6AE65 /* HTMLSupport.h */ = {isa = PBXFileReference; fileEncoding = 4; lastKnownFileType = sourcecode.c.h; path = HTMLSupport.h; sourceTree = "<group>"; };
		CB3C09021CA9D16900B6AE65 /* HTMLTextNode.h */ = {isa = PBXFileReference; fileEncoding = 4; lastKnownFileType = sourcecode.c.h; path = HTMLTextNode.h; sourceTree = "<group>"; };
		CB3C09031CA9D16900B6AE65 /* HTMLTextNode.m */ = {isa = PBXFileReference; fileEncoding = 4; lastKnownFileType = sourcecode.c.objc; path = HTMLTextNode.m; sourceTree = "<group>"; };
		CB3C09041CA9D16900B6AE65 /* HTMLTokenizer.h */ = {isa = PBXFileReference; fileEncoding = 4; lastKnownFileType = sourcecode.c.h; path = HTMLTokenizer.h; sourceTree = "<group>"; };
		CB3C09051CA9D16900B6AE65 /* HTMLTokenizer.m */ = {isa = PBXFileReference; fileEncoding = 4; lastKnownFileType = sourcecode.c.objc; path = HTMLTokenizer.m; sourceTree = "<group>"; };
		CB3C09061CA9D16900B6AE65 /* HTMLTokenizerState.h */ = {isa = PBXFileReference; fileEncoding = 4; lastKnownFileType = sourcecode.c.h; path = HTMLTokenizerState.h; sourceTree = "<group>"; };
		CB3C09071CA9D16900B6AE65 /* HTMLTreeEnumerator.h */ = {isa = PBXFileReference; fileEncoding = 4; lastKnownFileType = sourcecode.c.h; path = HTMLTreeEnumerator.h; sourceTree = "<group>"; };
		CB3C09081CA9D16900B6AE65 /* HTMLTreeEnumerator.m */ = {isa = PBXFileReference; fileEncoding = 4; lastKnownFileType = sourcecode.c.objc; path = HTMLTreeEnumerator.m; sourceTree = "<group>"; };
		CB3C09091CA9D16900B6AE65 /* NSString+HTMLEntities.h */ = {isa = PBXFileReference; fileEncoding = 4; lastKnownFileType = sourcecode.c.h; path = "NSString+HTMLEntities.h"; sourceTree = "<group>"; };
		CB3C090A1CA9D16900B6AE65 /* NSString+HTMLEntities.m */ = {isa = PBXFileReference; fileEncoding = 4; lastKnownFileType = sourcecode.c.objc; path = "NSString+HTMLEntities.m"; sourceTree = "<group>"; };
		CB8B42661CA4335200DEAAC7 /* SmartFeed.app */ = {isa = PBXFileReference; explicitFileType = wrapper.application; includeInIndex = 0; path = SmartFeed.app; sourceTree = BUILT_PRODUCTS_DIR; };
		CB8B42691CA4335200DEAAC7 /* AppDelegate.swift */ = {isa = PBXFileReference; lastKnownFileType = sourcecode.swift; path = AppDelegate.swift; sourceTree = "<group>"; };
		CB8B42701CA4335200DEAAC7 /* Base */ = {isa = PBXFileReference; lastKnownFileType = file.storyboard; name = Base; path = Base.lproj/Main.storyboard; sourceTree = "<group>"; };
		CB8B42721CA4335200DEAAC7 /* Assets.xcassets */ = {isa = PBXFileReference; lastKnownFileType = folder.assetcatalog; path = Assets.xcassets; sourceTree = "<group>"; };
		CB8B42751CA4335200DEAAC7 /* Base */ = {isa = PBXFileReference; lastKnownFileType = file.storyboard; name = Base; path = Base.lproj/LaunchScreen.storyboard; sourceTree = "<group>"; };
		CB8B42771CA4335200DEAAC7 /* Info.plist */ = {isa = PBXFileReference; lastKnownFileType = text.plist.xml; path = Info.plist; sourceTree = "<group>"; };
		CB8B427C1CA4335200DEAAC7 /* SmartFeedTests.xctest */ = {isa = PBXFileReference; explicitFileType = wrapper.cfbundle; includeInIndex = 0; path = SmartFeedTests.xctest; sourceTree = BUILT_PRODUCTS_DIR; };
		CB8B42801CA4335200DEAAC7 /* SmartFeedTests.swift */ = {isa = PBXFileReference; lastKnownFileType = sourcecode.swift; path = SmartFeedTests.swift; sourceTree = "<group>"; };
		CB8B42821CA4335200DEAAC7 /* Info.plist */ = {isa = PBXFileReference; lastKnownFileType = text.plist.xml; path = Info.plist; sourceTree = "<group>"; };
		CB8B42871CA4335200DEAAC7 /* SmartFeedUITests.xctest */ = {isa = PBXFileReference; explicitFileType = wrapper.cfbundle; includeInIndex = 0; path = SmartFeedUITests.xctest; sourceTree = BUILT_PRODUCTS_DIR; };
		CB8B428B1CA4335200DEAAC7 /* SmartFeedUITests.swift */ = {isa = PBXFileReference; lastKnownFileType = sourcecode.swift; path = SmartFeedUITests.swift; sourceTree = "<group>"; };
		CB8B428D1CA4335200DEAAC7 /* Info.plist */ = {isa = PBXFileReference; lastKnownFileType = text.plist.xml; path = Info.plist; sourceTree = "<group>"; };
		CBAB29C51CA47D450079F566 /* SFFeedDetailListController.swift */ = {isa = PBXFileReference; fileEncoding = 4; lastKnownFileType = sourcecode.swift; path = SFFeedDetailListController.swift; sourceTree = "<group>"; };
		CBDE98D11CA44EE8001B89F6 /* SFFeedListController.swift */ = {isa = PBXFileReference; fileEncoding = 4; lastKnownFileType = sourcecode.swift; path = SFFeedListController.swift; sourceTree = "<group>"; };
		CBDE98D31CA44EE8001B89F6 /* SFArticleDetailController.swift */ = {isa = PBXFileReference; fileEncoding = 4; lastKnownFileType = sourcecode.swift; path = SFArticleDetailController.swift; sourceTree = "<group>"; };
		CBDE98DA1CA465C5001B89F6 /* SFArticle.swift */ = {isa = PBXFileReference; fileEncoding = 4; lastKnownFileType = sourcecode.swift; lineEnding = 0; path = SFArticle.swift; sourceTree = "<group>"; xcLanguageSpecificationIdentifier = xcode.lang.swift; };
		CBDE98DC1CA465F0001B89F6 /* SFModelManager.swift */ = {isa = PBXFileReference; fileEncoding = 4; lastKnownFileType = sourcecode.swift; path = SFModelManager.swift; sourceTree = "<group>"; };
		CBDE98DE1CA467C5001B89F6 /* SFFeed.swift */ = {isa = PBXFileReference; fileEncoding = 4; lastKnownFileType = sourcecode.swift; lineEnding = 0; path = SFFeed.swift; sourceTree = "<group>"; xcLanguageSpecificationIdentifier = xcode.lang.swift; };
		D20CE6A34BAE61D4135E32A0 /* Pods-SmartFeed.release.xcconfig */ = {isa = PBXFileReference; includeInIndex = 1; lastKnownFileType = text.xcconfig; name = "Pods-SmartFeed.release.xcconfig"; path = "Pods/Target Support Files/Pods-SmartFeed/Pods-SmartFeed.release.xcconfig"; sourceTree = "<group>"; };
/* End PBXFileReference section */

/* Begin PBXFrameworksBuildPhase section */
		CB8B42631CA4335200DEAAC7 /* Frameworks */ = {
			isa = PBXFrameworksBuildPhase;
			buildActionMask = 2147483647;
			files = (
				A211193993F97DAF16DEB04A /* Pods_SmartFeed.framework in Frameworks */,
			);
			runOnlyForDeploymentPostprocessing = 0;
		};
		CB8B42791CA4335200DEAAC7 /* Frameworks */ = {
			isa = PBXFrameworksBuildPhase;
			buildActionMask = 2147483647;
			files = (
			);
			runOnlyForDeploymentPostprocessing = 0;
		};
		CB8B42841CA4335200DEAAC7 /* Frameworks */ = {
			isa = PBXFrameworksBuildPhase;
			buildActionMask = 2147483647;
			files = (
			);
			runOnlyForDeploymentPostprocessing = 0;
		};
/* End PBXFrameworksBuildPhase section */

/* Begin PBXGroup section */
		065FE985A7F6F71E993E5522 /* Frameworks */ = {
			isa = PBXGroup;
			children = (
				83C280389EBC5FE9FEAC85A6 /* Pods_SmartFeed.framework */,
			);
			name = Frameworks;
			sourceTree = "<group>";
		};
		3227DBE822A1C83A25A56A92 /* Pods */ = {
			isa = PBXGroup;
			children = (
				30BD5343AA25C50BF723FD43 /* Pods-SmartFeed.debug.xcconfig */,
				D20CE6A34BAE61D4135E32A0 /* Pods-SmartFeed.release.xcconfig */,
			);
			name = Pods;
			sourceTree = "<group>";
		};
		CB34D7C81CA536AF00162CC6 /* Network */ = {
			isa = PBXGroup;
			children = (
				CB34D7C91CA536CF00162CC6 /* SFNetworkManager.swift */,
			);
			path = Network;
			sourceTree = "<group>";
		};
		CB3C08DC1CA9D16900B6AE65 /* Utils */ = {
			isa = PBXGroup;
			children = (
				CB3C08DD1CA9D16900B6AE65 /* DZReadability */,
				CB3C08E31CA9D16900B6AE65 /* HTMLReader */,
			);
			path = Utils;
			sourceTree = "<group>";
		};
		CB3C08DD1CA9D16900B6AE65 /* DZReadability */ = {
			isa = PBXGroup;
			children = (
				CB3C08DE1CA9D16900B6AE65 /* DZReadability.h */,
				CB3C08DF1CA9D16900B6AE65 /* DZReadability.m */,
				CB3C08E01CA9D16900B6AE65 /* DZReadability_constants.h */,
				CB3C08E11CA9D16900B6AE65 /* GGReadabilityParser.h */,
				CB3C08E21CA9D16900B6AE65 /* GGReadabilityParser.m */,
			);
			path = DZReadability;
			sourceTree = "<group>";
		};
		CB3C08E31CA9D16900B6AE65 /* HTMLReader */ = {
			isa = PBXGroup;
			children = (
				CB3C08E41CA9D16900B6AE65 /* HTMLComment.h */,
				CB3C08E51CA9D16900B6AE65 /* HTMLComment.m */,
				CB3C08E61CA9D16900B6AE65 /* HTMLDocument.h */,
				CB3C08E71CA9D16900B6AE65 /* HTMLDocument.m */,
				CB3C08E81CA9D16900B6AE65 /* HTMLDocumentType.h */,
				CB3C08E91CA9D16900B6AE65 /* HTMLDocumentType.m */,
				CB3C08EA1CA9D16900B6AE65 /* HTMLElement.h */,
				CB3C08EB1CA9D16900B6AE65 /* HTMLElement.m */,
				CB3C08EC1CA9D16900B6AE65 /* HTMLEncoding.h */,
				CB3C08ED1CA9D16900B6AE65 /* HTMLEncoding.m */,
				CB3C08EE1CA9D16900B6AE65 /* HTMLEntities.h */,
				CB3C08EF1CA9D16900B6AE65 /* HTMLEntities.m */,
				CB3C08F01CA9D16900B6AE65 /* HTMLNamespace.h */,
				CB3C08F11CA9D16900B6AE65 /* HTMLNode.h */,
				CB3C08F21CA9D16900B6AE65 /* HTMLNode.m */,
				CB3C08F31CA9D16900B6AE65 /* HTMLOrderedDictionary.h */,
				CB3C08F41CA9D16900B6AE65 /* HTMLOrderedDictionary.m */,
				CB3C08F51CA9D16900B6AE65 /* HTMLParser.h */,
				CB3C08F61CA9D16900B6AE65 /* HTMLParser.m */,
				CB3C08F71CA9D16900B6AE65 /* HTMLPreprocessedInputStream.h */,
				CB3C08F81CA9D16900B6AE65 /* HTMLPreprocessedInputStream.m */,
				CB3C08F91CA9D16900B6AE65 /* HTMLQuirksMode.h */,
				CB3C08FA1CA9D16900B6AE65 /* HTMLReader.h */,
				CB3C08FB1CA9D16900B6AE65 /* HTMLSelector.h */,
				CB3C08FC1CA9D16900B6AE65 /* HTMLSelector.m */,
				CB3C08FD1CA9D16900B6AE65 /* HTMLSerialization.h */,
				CB3C08FE1CA9D16900B6AE65 /* HTMLSerialization.m */,
				CB3C08FF1CA9D16900B6AE65 /* HTMLString.h */,
				CB3C09001CA9D16900B6AE65 /* HTMLString.m */,
				CB3C09011CA9D16900B6AE65 /* HTMLSupport.h */,
				CB3C09021CA9D16900B6AE65 /* HTMLTextNode.h */,
				CB3C09031CA9D16900B6AE65 /* HTMLTextNode.m */,
				CB3C09041CA9D16900B6AE65 /* HTMLTokenizer.h */,
				CB3C09051CA9D16900B6AE65 /* HTMLTokenizer.m */,
				CB3C09061CA9D16900B6AE65 /* HTMLTokenizerState.h */,
				CB3C09071CA9D16900B6AE65 /* HTMLTreeEnumerator.h */,
				CB3C09081CA9D16900B6AE65 /* HTMLTreeEnumerator.m */,
				CB3C09091CA9D16900B6AE65 /* NSString+HTMLEntities.h */,
				CB3C090A1CA9D16900B6AE65 /* NSString+HTMLEntities.m */,
			);
			path = HTMLReader;
			sourceTree = "<group>";
		};
		CB8B425D1CA4335200DEAAC7 = {
			isa = PBXGroup;
			children = (
				CB8B42681CA4335200DEAAC7 /* SmartFeed */,
				CB8B427F1CA4335200DEAAC7 /* SmartFeedTests */,
				CB8B428A1CA4335200DEAAC7 /* SmartFeedUITests */,
				CB8B42671CA4335200DEAAC7 /* Products */,
				3227DBE822A1C83A25A56A92 /* Pods */,
				065FE985A7F6F71E993E5522 /* Frameworks */,
			);
			sourceTree = "<group>";
		};
		CB8B42671CA4335200DEAAC7 /* Products */ = {
			isa = PBXGroup;
			children = (
				CB8B42661CA4335200DEAAC7 /* SmartFeed.app */,
				CB8B427C1CA4335200DEAAC7 /* SmartFeedTests.xctest */,
				CB8B42871CA4335200DEAAC7 /* SmartFeedUITests.xctest */,
			);
			name = Products;
			sourceTree = "<group>";
		};
		CB8B42681CA4335200DEAAC7 /* SmartFeed */ = {
			isa = PBXGroup;
			children = (
				CBDE98D81CA4656A001B89F6 /* DB */,
				CB34D7C81CA536AF00162CC6 /* Network */,
				CBDE98CE1CA44EE8001B89F6 /* UI */,
				CB3C08DC1CA9D16900B6AE65 /* Utils */,
				CB8B42691CA4335200DEAAC7 /* AppDelegate.swift */,
				CB8B426F1CA4335200DEAAC7 /* Main.storyboard */,
				CB8B42721CA4335200DEAAC7 /* Assets.xcassets */,
				CB8B42741CA4335200DEAAC7 /* LaunchScreen.storyboard */,
				CB8B42771CA4335200DEAAC7 /* Info.plist */,
				CB3C08D81CA9D15800B6AE65 /* SmartFeed-Bridging-Header.h */,
			);
			path = SmartFeed;
			sourceTree = "<group>";
		};
		CB8B427F1CA4335200DEAAC7 /* SmartFeedTests */ = {
			isa = PBXGroup;
			children = (
				CB8B42801CA4335200DEAAC7 /* SmartFeedTests.swift */,
				CB8B42821CA4335200DEAAC7 /* Info.plist */,
			);
			path = SmartFeedTests;
			sourceTree = "<group>";
		};
		CB8B428A1CA4335200DEAAC7 /* SmartFeedUITests */ = {
			isa = PBXGroup;
			children = (
				CB8B428B1CA4335200DEAAC7 /* SmartFeedUITests.swift */,
				CB8B428D1CA4335200DEAAC7 /* Info.plist */,
			);
			path = SmartFeedUITests;
			sourceTree = "<group>";
		};
		CBDE98CE1CA44EE8001B89F6 /* UI */ = {
			isa = PBXGroup;
			children = (
				CBDE98CF1CA44EE8001B89F6 /* BrowseWeb */,
				CBDE98D01CA44EE8001B89F6 /* LandingScreen */,
				CBDE98D21CA44EE8001B89F6 /* ReadFeed */,
			);
			path = UI;
			sourceTree = "<group>";
		};
		CBDE98CF1CA44EE8001B89F6 /* BrowseWeb */ = {
			isa = PBXGroup;
			children = (
			);
			path = BrowseWeb;
			sourceTree = "<group>";
		};
		CBDE98D01CA44EE8001B89F6 /* LandingScreen */ = {
			isa = PBXGroup;
			children = (
				CBDE98D11CA44EE8001B89F6 /* SFFeedListController.swift */,
			);
			path = LandingScreen;
			sourceTree = "<group>";
		};
		CBDE98D21CA44EE8001B89F6 /* ReadFeed */ = {
			isa = PBXGroup;
			children = (
				CBDE98D31CA44EE8001B89F6 /* SFArticleDetailController.swift */,
				CBAB29C51CA47D450079F566 /* SFFeedDetailListController.swift */,
			);
			path = ReadFeed;
			sourceTree = "<group>";
		};
		CBDE98D81CA4656A001B89F6 /* DB */ = {
			isa = PBXGroup;
			children = (
				CBDE98D91CA4656A001B89F6 /* DataModels */,
				CBDE98DC1CA465F0001B89F6 /* SFModelManager.swift */,
			);
			path = DB;
			sourceTree = "<group>";
		};
		CBDE98D91CA4656A001B89F6 /* DataModels */ = {
			isa = PBXGroup;
			children = (
				CBDE98DA1CA465C5001B89F6 /* SFArticle.swift */,
				CBDE98DE1CA467C5001B89F6 /* SFFeed.swift */,
			);
			path = DataModels;
			sourceTree = "<group>";
		};
/* End PBXGroup section */

/* Begin PBXNativeTarget section */
		CB8B42651CA4335200DEAAC7 /* SmartFeed */ = {
			isa = PBXNativeTarget;
			buildConfigurationList = CB8B42901CA4335200DEAAC7 /* Build configuration list for PBXNativeTarget "SmartFeed" */;
			buildPhases = (
				9C64E8950D604E938E8AAAA6 /* Check Pods Manifest.lock */,
				CB8B42621CA4335200DEAAC7 /* Sources */,
				CB8B42631CA4335200DEAAC7 /* Frameworks */,
				CB8B42641CA4335200DEAAC7 /* Resources */,
				49BEE0137D148A0FC37427D2 /* Embed Pods Frameworks */,
				94E3892B5A1BF43FCFA0CC00 /* Copy Pods Resources */,
			);
			buildRules = (
			);
			dependencies = (
			);
			name = SmartFeed;
			productName = SmartFeed;
			productReference = CB8B42661CA4335200DEAAC7 /* SmartFeed.app */;
			productType = "com.apple.product-type.application";
		};
		CB8B427B1CA4335200DEAAC7 /* SmartFeedTests */ = {
			isa = PBXNativeTarget;
			buildConfigurationList = CB8B42931CA4335200DEAAC7 /* Build configuration list for PBXNativeTarget "SmartFeedTests" */;
			buildPhases = (
				CB8B42781CA4335200DEAAC7 /* Sources */,
				CB8B42791CA4335200DEAAC7 /* Frameworks */,
				CB8B427A1CA4335200DEAAC7 /* Resources */,
			);
			buildRules = (
			);
			dependencies = (
				CB8B427E1CA4335200DEAAC7 /* PBXTargetDependency */,
			);
			name = SmartFeedTests;
			productName = SmartFeedTests;
			productReference = CB8B427C1CA4335200DEAAC7 /* SmartFeedTests.xctest */;
			productType = "com.apple.product-type.bundle.unit-test";
		};
		CB8B42861CA4335200DEAAC7 /* SmartFeedUITests */ = {
			isa = PBXNativeTarget;
			buildConfigurationList = CB8B42961CA4335200DEAAC7 /* Build configuration list for PBXNativeTarget "SmartFeedUITests" */;
			buildPhases = (
				CB8B42831CA4335200DEAAC7 /* Sources */,
				CB8B42841CA4335200DEAAC7 /* Frameworks */,
				CB8B42851CA4335200DEAAC7 /* Resources */,
			);
			buildRules = (
			);
			dependencies = (
				CB8B42891CA4335200DEAAC7 /* PBXTargetDependency */,
			);
			name = SmartFeedUITests;
			productName = SmartFeedUITests;
			productReference = CB8B42871CA4335200DEAAC7 /* SmartFeedUITests.xctest */;
			productType = "com.apple.product-type.bundle.ui-testing";
		};
/* End PBXNativeTarget section */

/* Begin PBXProject section */
		CB8B425E1CA4335200DEAAC7 /* Project object */ = {
			isa = PBXProject;
			attributes = {
				LastSwiftUpdateCheck = 0730;
				LastUpgradeCheck = 0720;
				ORGANIZATIONNAME = "Yury Ramanchuk";
				TargetAttributes = {
					CB8B42651CA4335200DEAAC7 = {
						CreatedOnToolsVersion = 7.2;
					};
					CB8B427B1CA4335200DEAAC7 = {
						CreatedOnToolsVersion = 7.2;
						TestTargetID = CB8B42651CA4335200DEAAC7;
					};
					CB8B42861CA4335200DEAAC7 = {
						CreatedOnToolsVersion = 7.2;
						TestTargetID = CB8B42651CA4335200DEAAC7;
					};
				};
			};
			buildConfigurationList = CB8B42611CA4335200DEAAC7 /* Build configuration list for PBXProject "SmartFeed" */;
			compatibilityVersion = "Xcode 3.2";
			developmentRegion = English;
			hasScannedForEncodings = 0;
			knownRegions = (
				en,
				Base,
			);
			mainGroup = CB8B425D1CA4335200DEAAC7;
			productRefGroup = CB8B42671CA4335200DEAAC7 /* Products */;
			projectDirPath = "";
			projectRoot = "";
			targets = (
				CB8B42651CA4335200DEAAC7 /* SmartFeed */,
				CB8B427B1CA4335200DEAAC7 /* SmartFeedTests */,
				CB8B42861CA4335200DEAAC7 /* SmartFeedUITests */,
			);
		};
/* End PBXProject section */

/* Begin PBXResourcesBuildPhase section */
		CB8B42641CA4335200DEAAC7 /* Resources */ = {
			isa = PBXResourcesBuildPhase;
			buildActionMask = 2147483647;
			files = (
				CB8B42761CA4335200DEAAC7 /* LaunchScreen.storyboard in Resources */,
				CB8B42731CA4335200DEAAC7 /* Assets.xcassets in Resources */,
				CB8B42711CA4335200DEAAC7 /* Main.storyboard in Resources */,
			);
			runOnlyForDeploymentPostprocessing = 0;
		};
		CB8B427A1CA4335200DEAAC7 /* Resources */ = {
			isa = PBXResourcesBuildPhase;
			buildActionMask = 2147483647;
			files = (
			);
			runOnlyForDeploymentPostprocessing = 0;
		};
		CB8B42851CA4335200DEAAC7 /* Resources */ = {
			isa = PBXResourcesBuildPhase;
			buildActionMask = 2147483647;
			files = (
			);
			runOnlyForDeploymentPostprocessing = 0;
		};
/* End PBXResourcesBuildPhase section */

/* Begin PBXShellScriptBuildPhase section */
		49BEE0137D148A0FC37427D2 /* Embed Pods Frameworks */ = {
			isa = PBXShellScriptBuildPhase;
			buildActionMask = 2147483647;
			files = (
			);
			inputPaths = (
			);
			name = "Embed Pods Frameworks";
			outputPaths = (
			);
			runOnlyForDeploymentPostprocessing = 0;
			shellPath = /bin/sh;
			shellScript = "\"${SRCROOT}/Pods/Target Support Files/Pods-SmartFeed/Pods-SmartFeed-frameworks.sh\"\n";
			showEnvVarsInLog = 0;
		};
		94E3892B5A1BF43FCFA0CC00 /* Copy Pods Resources */ = {
			isa = PBXShellScriptBuildPhase;
			buildActionMask = 2147483647;
			files = (
			);
			inputPaths = (
			);
			name = "Copy Pods Resources";
			outputPaths = (
			);
			runOnlyForDeploymentPostprocessing = 0;
			shellPath = /bin/sh;
			shellScript = "\"${SRCROOT}/Pods/Target Support Files/Pods-SmartFeed/Pods-SmartFeed-resources.sh\"\n";
			showEnvVarsInLog = 0;
		};
		9C64E8950D604E938E8AAAA6 /* Check Pods Manifest.lock */ = {
			isa = PBXShellScriptBuildPhase;
			buildActionMask = 2147483647;
			files = (
			);
			inputPaths = (
			);
			name = "Check Pods Manifest.lock";
			outputPaths = (
			);
			runOnlyForDeploymentPostprocessing = 0;
			shellPath = /bin/sh;
			shellScript = "diff \"${PODS_ROOT}/../Podfile.lock\" \"${PODS_ROOT}/Manifest.lock\" > /dev/null\nif [[ $? != 0 ]] ; then\n    cat << EOM\nerror: The sandbox is not in sync with the Podfile.lock. Run 'pod install' or update your CocoaPods installation.\nEOM\n    exit 1\nfi\n";
			showEnvVarsInLog = 0;
		};
/* End PBXShellScriptBuildPhase section */

/* Begin PBXSourcesBuildPhase section */
		CB8B42621CA4335200DEAAC7 /* Sources */ = {
			isa = PBXSourcesBuildPhase;
			buildActionMask = 2147483647;
			files = (
				CB3C09111CA9D16900B6AE65 /* HTMLEncoding.m in Sources */,
				CB3C090F1CA9D16900B6AE65 /* HTMLDocumentType.m in Sources */,
				CBAB29C61CA47D450079F566 /* SFFeedDetailListController.swift in Sources */,
				CB3C09121CA9D16900B6AE65 /* HTMLEntities.m in Sources */,
				CBDE98D51CA44EE8001B89F6 /* SFArticleDetailController.swift in Sources */,
				CB3C09101CA9D16900B6AE65 /* HTMLElement.m in Sources */,
				CB3C09151CA9D16900B6AE65 /* HTMLParser.m in Sources */,
				CBDE98D41CA44EE8001B89F6 /* SFFeedListController.swift in Sources */,
				CBDE98DD1CA465F0001B89F6 /* SFModelManager.swift in Sources */,
				CB3C091A1CA9D16900B6AE65 /* HTMLTextNode.m in Sources */,
				CB3C090B1CA9D16900B6AE65 /* DZReadability.m in Sources */,
				CB3C090E1CA9D16900B6AE65 /* HTMLDocument.m in Sources */,
				CB3C090D1CA9D16900B6AE65 /* HTMLComment.m in Sources */,
				CB3C090C1CA9D16900B6AE65 /* GGReadabilityParser.m in Sources */,
				CB3C09141CA9D16900B6AE65 /* HTMLOrderedDictionary.m in Sources */,
				CB3C09191CA9D16900B6AE65 /* HTMLString.m in Sources */,
				CB34D7CA1CA536CF00162CC6 /* SFNetworkManager.swift in Sources */,
				CB8B426A1CA4335200DEAAC7 /* AppDelegate.swift in Sources */,
				CB3C09171CA9D16900B6AE65 /* HTMLSelector.m in Sources */,
				CB3C091D1CA9D16900B6AE65 /* NSString+HTMLEntities.m in Sources */,
				CB3C09181CA9D16900B6AE65 /* HTMLSerialization.m in Sources */,
				CB3C091C1CA9D16900B6AE65 /* HTMLTreeEnumerator.m in Sources */,
				CB3C09161CA9D16900B6AE65 /* HTMLPreprocessedInputStream.m in Sources */,
				CBDE98DF1CA467C5001B89F6 /* SFFeed.swift in Sources */,
				CB3C091B1CA9D16900B6AE65 /* HTMLTokenizer.m in Sources */,
				CB3C09131CA9D16900B6AE65 /* HTMLNode.m in Sources */,
				CBDE98DB1CA465C5001B89F6 /* SFArticle.swift in Sources */,
			);
			runOnlyForDeploymentPostprocessing = 0;
		};
		CB8B42781CA4335200DEAAC7 /* Sources */ = {
			isa = PBXSourcesBuildPhase;
			buildActionMask = 2147483647;
			files = (
				CB8B42811CA4335200DEAAC7 /* SmartFeedTests.swift in Sources */,
			);
			runOnlyForDeploymentPostprocessing = 0;
		};
		CB8B42831CA4335200DEAAC7 /* Sources */ = {
			isa = PBXSourcesBuildPhase;
			buildActionMask = 2147483647;
			files = (
				CB8B428C1CA4335200DEAAC7 /* SmartFeedUITests.swift in Sources */,
			);
			runOnlyForDeploymentPostprocessing = 0;
		};
/* End PBXSourcesBuildPhase section */

/* Begin PBXTargetDependency section */
		CB8B427E1CA4335200DEAAC7 /* PBXTargetDependency */ = {
			isa = PBXTargetDependency;
			target = CB8B42651CA4335200DEAAC7 /* SmartFeed */;
			targetProxy = CB8B427D1CA4335200DEAAC7 /* PBXContainerItemProxy */;
		};
		CB8B42891CA4335200DEAAC7 /* PBXTargetDependency */ = {
			isa = PBXTargetDependency;
			target = CB8B42651CA4335200DEAAC7 /* SmartFeed */;
			targetProxy = CB8B42881CA4335200DEAAC7 /* PBXContainerItemProxy */;
		};
/* End PBXTargetDependency section */

/* Begin PBXVariantGroup section */
		CB8B426F1CA4335200DEAAC7 /* Main.storyboard */ = {
			isa = PBXVariantGroup;
			children = (
				CB8B42701CA4335200DEAAC7 /* Base */,
			);
			name = Main.storyboard;
			sourceTree = "<group>";
		};
		CB8B42741CA4335200DEAAC7 /* LaunchScreen.storyboard */ = {
			isa = PBXVariantGroup;
			children = (
				CB8B42751CA4335200DEAAC7 /* Base */,
			);
			name = LaunchScreen.storyboard;
			sourceTree = "<group>";
		};
/* End PBXVariantGroup section */

/* Begin XCBuildConfiguration section */
		CB8B428E1CA4335200DEAAC7 /* Debug */ = {
			isa = XCBuildConfiguration;
			buildSettings = {
				ALWAYS_SEARCH_USER_PATHS = NO;
				CLANG_CXX_LANGUAGE_STANDARD = "gnu++0x";
				CLANG_CXX_LIBRARY = "libc++";
				CLANG_ENABLE_MODULES = YES;
				CLANG_ENABLE_OBJC_ARC = YES;
				CLANG_WARN_BOOL_CONVERSION = YES;
				CLANG_WARN_CONSTANT_CONVERSION = YES;
				CLANG_WARN_DIRECT_OBJC_ISA_USAGE = YES_ERROR;
				CLANG_WARN_EMPTY_BODY = YES;
				CLANG_WARN_ENUM_CONVERSION = YES;
				CLANG_WARN_INT_CONVERSION = YES;
				CLANG_WARN_OBJC_ROOT_CLASS = YES_ERROR;
				CLANG_WARN_UNREACHABLE_CODE = YES;
				CLANG_WARN__DUPLICATE_METHOD_MATCH = YES;
				"CODE_SIGN_IDENTITY[sdk=iphoneos*]" = "iPhone Developer";
				COPY_PHASE_STRIP = NO;
				DEBUG_INFORMATION_FORMAT = dwarf;
				ENABLE_STRICT_OBJC_MSGSEND = YES;
				ENABLE_TESTABILITY = YES;
				GCC_C_LANGUAGE_STANDARD = gnu99;
				GCC_DYNAMIC_NO_PIC = NO;
				GCC_NO_COMMON_BLOCKS = YES;
				GCC_OPTIMIZATION_LEVEL = 0;
				GCC_PREPROCESSOR_DEFINITIONS = (
					"DEBUG=1",
					"$(inherited)",
				);
				GCC_WARN_64_TO_32_BIT_CONVERSION = YES;
				GCC_WARN_ABOUT_RETURN_TYPE = YES_ERROR;
				GCC_WARN_UNDECLARED_SELECTOR = YES;
				GCC_WARN_UNINITIALIZED_AUTOS = YES_AGGRESSIVE;
				GCC_WARN_UNUSED_FUNCTION = YES;
				GCC_WARN_UNUSED_VARIABLE = YES;
				IPHONEOS_DEPLOYMENT_TARGET = 9.2;
				MTL_ENABLE_DEBUG_INFO = YES;
				ONLY_ACTIVE_ARCH = YES;
				SDKROOT = iphoneos;
				SWIFT_OPTIMIZATION_LEVEL = "-Onone";
				TARGETED_DEVICE_FAMILY = "1,2";
			};
			name = Debug;
		};
		CB8B428F1CA4335200DEAAC7 /* Release */ = {
			isa = XCBuildConfiguration;
			buildSettings = {
				ALWAYS_SEARCH_USER_PATHS = NO;
				CLANG_CXX_LANGUAGE_STANDARD = "gnu++0x";
				CLANG_CXX_LIBRARY = "libc++";
				CLANG_ENABLE_MODULES = YES;
				CLANG_ENABLE_OBJC_ARC = YES;
				CLANG_WARN_BOOL_CONVERSION = YES;
				CLANG_WARN_CONSTANT_CONVERSION = YES;
				CLANG_WARN_DIRECT_OBJC_ISA_USAGE = YES_ERROR;
				CLANG_WARN_EMPTY_BODY = YES;
				CLANG_WARN_ENUM_CONVERSION = YES;
				CLANG_WARN_INT_CONVERSION = YES;
				CLANG_WARN_OBJC_ROOT_CLASS = YES_ERROR;
				CLANG_WARN_UNREACHABLE_CODE = YES;
				CLANG_WARN__DUPLICATE_METHOD_MATCH = YES;
				"CODE_SIGN_IDENTITY[sdk=iphoneos*]" = "iPhone Developer";
				COPY_PHASE_STRIP = NO;
				DEBUG_INFORMATION_FORMAT = "dwarf-with-dsym";
				ENABLE_NS_ASSERTIONS = NO;
				ENABLE_STRICT_OBJC_MSGSEND = YES;
				GCC_C_LANGUAGE_STANDARD = gnu99;
				GCC_NO_COMMON_BLOCKS = YES;
				GCC_WARN_64_TO_32_BIT_CONVERSION = YES;
				GCC_WARN_ABOUT_RETURN_TYPE = YES_ERROR;
				GCC_WARN_UNDECLARED_SELECTOR = YES;
				GCC_WARN_UNINITIALIZED_AUTOS = YES_AGGRESSIVE;
				GCC_WARN_UNUSED_FUNCTION = YES;
				GCC_WARN_UNUSED_VARIABLE = YES;
				IPHONEOS_DEPLOYMENT_TARGET = 9.2;
				MTL_ENABLE_DEBUG_INFO = NO;
				SDKROOT = iphoneos;
				TARGETED_DEVICE_FAMILY = "1,2";
				VALIDATE_PRODUCT = YES;
			};
			name = Release;
		};
		CB8B42911CA4335200DEAAC7 /* Debug */ = {
			isa = XCBuildConfiguration;
			baseConfigurationReference = 30BD5343AA25C50BF723FD43 /* Pods-SmartFeed.debug.xcconfig */;
			buildSettings = {
				ASSETCATALOG_COMPILER_APPICON_NAME = AppIcon;
				CLANG_ENABLE_MODULES = YES;
				INFOPLIST_FILE = SmartFeed/Info.plist;
				LD_RUNPATH_SEARCH_PATHS = "$(inherited) @executable_path/Frameworks";
				PRODUCT_BUNDLE_IDENTIFIER = com.ramanchuk.SmartFeed;
				PRODUCT_NAME = "$(TARGET_NAME)";
				SWIFT_OBJC_BRIDGING_HEADER = "SmartFeed/SmartFeed-Bridging-Header.h";
				SWIFT_OPTIMIZATION_LEVEL = "-Onone";
			};
			name = Debug;
		};
		CB8B42921CA4335200DEAAC7 /* Release */ = {
			isa = XCBuildConfiguration;
			baseConfigurationReference = D20CE6A34BAE61D4135E32A0 /* Pods-SmartFeed.release.xcconfig */;
			buildSettings = {
				ASSETCATALOG_COMPILER_APPICON_NAME = AppIcon;
				CLANG_ENABLE_MODULES = YES;
				INFOPLIST_FILE = SmartFeed/Info.plist;
				LD_RUNPATH_SEARCH_PATHS = "$(inherited) @executable_path/Frameworks";
				PRODUCT_BUNDLE_IDENTIFIER = com.ramanchuk.SmartFeed;
				PRODUCT_NAME = "$(TARGET_NAME)";
				SWIFT_OBJC_BRIDGING_HEADER = "SmartFeed/SmartFeed-Bridging-Header.h";
			};
			name = Release;
		};
		CB8B42941CA4335200DEAAC7 /* Debug */ = {
			isa = XCBuildConfiguration;
			buildSettings = {
				BUNDLE_LOADER = "$(TEST_HOST)";
				INFOPLIST_FILE = SmartFeedTests/Info.plist;
				LD_RUNPATH_SEARCH_PATHS = "$(inherited) @executable_path/Frameworks @loader_path/Frameworks";
				PRODUCT_BUNDLE_IDENTIFIER = com.ramanchuk.SmartFeedTests;
				PRODUCT_NAME = "$(TARGET_NAME)";
				TEST_HOST = "$(BUILT_PRODUCTS_DIR)/SmartFeed.app/SmartFeed";
			};
			name = Debug;
		};
		CB8B42951CA4335200DEAAC7 /* Release */ = {
			isa = XCBuildConfiguration;
			buildSettings = {
				BUNDLE_LOADER = "$(TEST_HOST)";
				INFOPLIST_FILE = SmartFeedTests/Info.plist;
				LD_RUNPATH_SEARCH_PATHS = "$(inherited) @executable_path/Frameworks @loader_path/Frameworks";
				PRODUCT_BUNDLE_IDENTIFIER = com.ramanchuk.SmartFeedTests;
				PRODUCT_NAME = "$(TARGET_NAME)";
				TEST_HOST = "$(BUILT_PRODUCTS_DIR)/SmartFeed.app/SmartFeed";
			};
			name = Release;
		};
		CB8B42971CA4335200DEAAC7 /* Debug */ = {
			isa = XCBuildConfiguration;
			buildSettings = {
				INFOPLIST_FILE = SmartFeedUITests/Info.plist;
				LD_RUNPATH_SEARCH_PATHS = "$(inherited) @executable_path/Frameworks @loader_path/Frameworks";
				PRODUCT_BUNDLE_IDENTIFIER = com.ramanchuk.SmartFeedUITests;
				PRODUCT_NAME = "$(TARGET_NAME)";
				TEST_TARGET_NAME = SmartFeed;
				USES_XCTRUNNER = YES;
			};
			name = Debug;
		};
		CB8B42981CA4335200DEAAC7 /* Release */ = {
			isa = XCBuildConfiguration;
			buildSettings = {
				INFOPLIST_FILE = SmartFeedUITests/Info.plist;
				LD_RUNPATH_SEARCH_PATHS = "$(inherited) @executable_path/Frameworks @loader_path/Frameworks";
				PRODUCT_BUNDLE_IDENTIFIER = com.ramanchuk.SmartFeedUITests;
				PRODUCT_NAME = "$(TARGET_NAME)";
				TEST_TARGET_NAME = SmartFeed;
				USES_XCTRUNNER = YES;
			};
			name = Release;
		};
/* End XCBuildConfiguration section */

/* Begin XCConfigurationList section */
		CB8B42611CA4335200DEAAC7 /* Build configuration list for PBXProject "SmartFeed" */ = {
			isa = XCConfigurationList;
			buildConfigurations = (
				CB8B428E1CA4335200DEAAC7 /* Debug */,
				CB8B428F1CA4335200DEAAC7 /* Release */,
			);
			defaultConfigurationIsVisible = 0;
			defaultConfigurationName = Release;
		};
		CB8B42901CA4335200DEAAC7 /* Build configuration list for PBXNativeTarget "SmartFeed" */ = {
			isa = XCConfigurationList;
			buildConfigurations = (
				CB8B42911CA4335200DEAAC7 /* Debug */,
				CB8B42921CA4335200DEAAC7 /* Release */,
			);
			defaultConfigurationIsVisible = 0;
			defaultConfigurationName = Release;
		};
		CB8B42931CA4335200DEAAC7 /* Build configuration list for PBXNativeTarget "SmartFeedTests" */ = {
			isa = XCConfigurationList;
			buildConfigurations = (
				CB8B42941CA4335200DEAAC7 /* Debug */,
				CB8B42951CA4335200DEAAC7 /* Release */,
			);
			defaultConfigurationIsVisible = 0;
			defaultConfigurationName = Release;
		};
		CB8B42961CA4335200DEAAC7 /* Build configuration list for PBXNativeTarget "SmartFeedUITests" */ = {
			isa = XCConfigurationList;
			buildConfigurations = (
				CB8B42971CA4335200DEAAC7 /* Debug */,
				CB8B42981CA4335200DEAAC7 /* Release */,
			);
			defaultConfigurationIsVisible = 0;
			defaultConfigurationName = Release;
		};
/* End XCConfigurationList section */
	};
	rootObject = CB8B425E1CA4335200DEAAC7 /* Project object */;
}
